
Microsoft Visual Studio Solution File, Format Version 12.00
# Visual Studio Version 17
VisualStudioVersion = 17.14.36310.24 d17.14
MinimumVisualStudioVersion = 10.0.40219.1
Project("{FAE04EC0-301F-11D3-BF4B-00C04F79EFBC}") = "BulkyWeb", "BulkyWeb\BulkyWeb.csproj", "{C75FCDB4-753D-4617-B8ED-A03D76F531CA}"
EndProject
Global
	GlobalSection(SolutionConfigurationPlatforms) = preSolution
		Debug|Any CPU = Debug|Any CPU
		Release|Any CPU = Release|Any CPU
	EndGlobalSection
	GlobalSection(ProjectConfigurationPlatforms) = postSolution
		{C75FCDB4-753D-4617-B8ED-A03D76F531CA}.Debug|Any CPU.ActiveCfg = Debug|Any CPU
		{C75FCDB4-753D-4617-B8ED-A03D76F531CA}.Debug|Any CPU.Build.0 = Debug|Any CPU
		{C75FCDB4-753D-4617-B8ED-A03D76F531CA}.Release|Any CPU.ActiveCfg = Release|Any CPU
		{C75FCDB4-753D-4617-B8ED-A03D76F531CA}.Release|Any CPU.Build.0 = Release|Any CPU
	EndGlobalSection
	GlobalSection(SolutionProperties) = preSolution
		HideSolutionNode = FALSE
	EndGlobalSection
	GlobalSection(ExtensibilityGlobals) = postSolution
		SolutionGuid = {CFD83A15-FE6F-4A0E-90BE-F3BEA546A423}
	EndGlobalSection
EndGlobal
